
Microsoft Visual Studio Solution File, Format Version 12.00
# Visual Studio 14
VisualStudioVersion = 14.0.24720.0
MinimumVisualStudioVersion = 10.0.40219.1
Project("{FAE04EC0-301F-11D3-BF4B-00C04F79EFBC}") = "MakePerson", "MakePerson\MakePerson.csproj", "{EBC2E753-B3BE-420B-B1A7-1F852416AACA}"
EndProject
Project("{FAE04EC0-301F-11D3-BF4B-00C04F79EFBC}") = "PeopleOfAge", "PeopleOfAge\PeopleOfAge.csproj", "{6807E4D6-356D-46B5-A954-AC7463F457D7}"
EndProject
Project("{FAE04EC0-301F-11D3-BF4B-00C04F79EFBC}") = "UnderagePeople", "UnderagePeople\UnderagePeople.csproj", "{FD4EFEB6-4F0D-4171-96A5-B8C7BE871AF6}"
EndProject
Project("{FAE04EC0-301F-11D3-BF4B-00C04F79EFBC}") = "AverageAgeOfFemales", "AverageAgeOfFemales\AverageAgeOfFemales.csproj", "{97A229C6-70BB-490E-8B77-7CF5C0FA89FC}"
EndProject
Project("{FAE04EC0-301F-11D3-BF4B-00C04F79EFBC}") = "YoungestPerson", "YoungestPerson\YoungestPerson.csproj", "{AD6B7C39-0F26-46D2-951F-34875CCEDE39}"
EndProject
Project("{FAE04EC0-301F-11D3-BF4B-00C04F79EFBC}") = "GroupPeople", "GroupPeople\GroupPeople.csproj", "{4EBE237B-B56B-4BF6-B072-21B22480BD36}"
EndProject
Global
	GlobalSection(SolutionConfigurationPlatforms) = preSolution
		Debug|Any CPU = Debug|Any CPU
		Release|Any CPU = Release|Any CPU
	EndGlobalSection
	GlobalSection(ProjectConfigurationPlatforms) = postSolution
		{EBC2E753-B3BE-420B-B1A7-1F852416AACA}.Debug|Any CPU.ActiveCfg = Debug|Any CPU
		{EBC2E753-B3BE-420B-B1A7-1F852416AACA}.Debug|Any CPU.Build.0 = Debug|Any CPU
		{EBC2E753-B3BE-420B-B1A7-1F852416AACA}.Release|Any CPU.ActiveCfg = Release|Any CPU
		{EBC2E753-B3BE-420B-B1A7-1F852416AACA}.Release|Any CPU.Build.0 = Release|Any CPU
		{6807E4D6-356D-46B5-A954-AC7463F457D7}.Debug|Any CPU.ActiveCfg = Debug|Any CPU
		{6807E4D6-356D-46B5-A954-AC7463F457D7}.Debug|Any CPU.Build.0 = Debug|Any CPU
		{6807E4D6-356D-46B5-A954-AC7463F457D7}.Release|Any CPU.ActiveCfg = Release|Any CPU
		{6807E4D6-356D-46B5-A954-AC7463F457D7}.Release|Any CPU.Build.0 = Release|Any CPU
		{FD4EFEB6-4F0D-4171-96A5-B8C7BE871AF6}.Debug|Any CPU.ActiveCfg = Debug|Any CPU
		{FD4EFEB6-4F0D-4171-96A5-B8C7BE871AF6}.Debug|Any CPU.Build.0 = Debug|Any CPU
		{FD4EFEB6-4F0D-4171-96A5-B8C7BE871AF6}.Release|Any CPU.ActiveCfg = Release|Any CPU
		{FD4EFEB6-4F0D-4171-96A5-B8C7BE871AF6}.Release|Any CPU.Build.0 = Release|Any CPU
		{97A229C6-70BB-490E-8B77-7CF5C0FA89FC}.Debug|Any CPU.ActiveCfg = Debug|Any CPU
		{97A229C6-70BB-490E-8B77-7CF5C0FA89FC}.Debug|Any CPU.Build.0 = Debug|Any CPU
		{97A229C6-70BB-490E-8B77-7CF5C0FA89FC}.Release|Any CPU.ActiveCfg = Release|Any CPU
		{97A229C6-70BB-490E-8B77-7CF5C0FA89FC}.Release|Any CPU.Build.0 = Release|Any CPU
		{AD6B7C39-0F26-46D2-951F-34875CCEDE39}.Debug|Any CPU.ActiveCfg = Debug|Any CPU
		{AD6B7C39-0F26-46D2-951F-34875CCEDE39}.Debug|Any CPU.Build.0 = Debug|Any CPU
		{AD6B7C39-0F26-46D2-951F-34875CCEDE39}.Release|Any CPU.ActiveCfg = Release|Any CPU
		{AD6B7C39-0F26-46D2-951F-34875CCEDE39}.Release|Any CPU.Build.0 = Release|Any CPU
		{4EBE237B-B56B-4BF6-B072-21B22480BD36}.Debug|Any CPU.ActiveCfg = Debug|Any CPU
		{4EBE237B-B56B-4BF6-B072-21B22480BD36}.Debug|Any CPU.Build.0 = Debug|Any CPU
		{4EBE237B-B56B-4BF6-B072-21B22480BD36}.Release|Any CPU.ActiveCfg = Release|Any CPU
		{4EBE237B-B56B-4BF6-B072-21B22480BD36}.Release|Any CPU.Build.0 = Release|Any CPU
	EndGlobalSection
	GlobalSection(SolutionProperties) = preSolution
		HideSolutionNode = FALSE
	EndGlobalSection
EndGlobal
