
Microsoft Visual Studio Solution File, Format Version 12.00
# Visual Studio 14
VisualStudioVersion = 14.0.24720.0
MinimumVisualStudioVersion = 10.0.40219.1
Project("{FAE04EC0-301F-11D3-BF4B-00C04F79EFBC}") = "Shapes", "Shapes\Shapes.csproj", "{CC8F55A1-E7BB-473C-9EAF-32B2F1A3E9A7}"
EndProject
Project("{FAE04EC0-301F-11D3-BF4B-00C04F79EFBC}") = "BankAccounts", "BankAccounts\BankAccounts.csproj", "{2D76D4A6-BFAD-482F-BE2E-76DCF692FE62}"
EndProject
Global
	GlobalSection(SolutionConfigurationPlatforms) = preSolution
		Debug|Any CPU = Debug|Any CPU
		Release|Any CPU = Release|Any CPU
	EndGlobalSection
	GlobalSection(ProjectConfigurationPlatforms) = postSolution
		{CC8F55A1-E7BB-473C-9EAF-32B2F1A3E9A7}.Debug|Any CPU.ActiveCfg = Debug|Any CPU
		{CC8F55A1-E7BB-473C-9EAF-32B2F1A3E9A7}.Debug|Any CPU.Build.0 = Debug|Any CPU
		{CC8F55A1-E7BB-473C-9EAF-32B2F1A3E9A7}.Release|Any CPU.ActiveCfg = Release|Any CPU
		{CC8F55A1-E7BB-473C-9EAF-32B2F1A3E9A7}.Release|Any CPU.Build.0 = Release|Any CPU
		{2D76D4A6-BFAD-482F-BE2E-76DCF692FE62}.Debug|Any CPU.ActiveCfg = Debug|Any CPU
		{2D76D4A6-BFAD-482F-BE2E-76DCF692FE62}.Debug|Any CPU.Build.0 = Debug|Any CPU
		{2D76D4A6-BFAD-482F-BE2E-76DCF692FE62}.Release|Any CPU.ActiveCfg = Release|Any CPU
		{2D76D4A6-BFAD-482F-BE2E-76DCF692FE62}.Release|Any CPU.Build.0 = Release|Any CPU
	EndGlobalSection
	GlobalSection(SolutionProperties) = preSolution
		HideSolutionNode = FALSE
	EndGlobalSection
EndGlobal
