
Microsoft Visual Studio Solution File, Format Version 12.00
# Visual Studio 14
VisualStudioVersion = 14.0.24720.0
MinimumVisualStudioVersion = 10.0.40219.1
Project("{FAE04EC0-301F-11D3-BF4B-00C04F79EFBC}") = "PlanarCoordinates", "PlanarCoordinates\PlanarCoordinates.csproj", "{489D4B3A-5576-4EAC-AB01-D4796F55B2DB}"
EndProject
Project("{FAE04EC0-301F-11D3-BF4B-00C04F79EFBC}") = "RemoveElements", "RemoveElements\RemoveElements.csproj", "{A5DB5C37-B11A-4E26-8C85-73F473AA432C}"
EndProject
Project("{FAE04EC0-301F-11D3-BF4B-00C04F79EFBC}") = "DeepCopy", "DeepCopy\DeepCopy.csproj", "{13998B30-D4C8-4A20-B8D5-093A23E88084}"
EndProject
Project("{FAE04EC0-301F-11D3-BF4B-00C04F79EFBC}") = "HasProperty", "HasProperty\HasProperty.csproj", "{B58BC559-2A24-42ED-AFA2-62F69FE91AC1}"
EndProject
Project("{FAE04EC0-301F-11D3-BF4B-00C04F79EFBC}") = "YoungestPerson", "YoungestPerson\YoungestPerson.csproj", "{566DB09A-8DCF-41F5-87F8-D6DED59A5F74}"
EndProject
Project("{FAE04EC0-301F-11D3-BF4B-00C04F79EFBC}") = "GroupPeople", "GroupPeople\GroupPeople.csproj", "{B4B4504E-A69F-4FF5-BD60-F8539F5C43DF}"
EndProject
Global
	GlobalSection(SolutionConfigurationPlatforms) = preSolution
		Debug|Any CPU = Debug|Any CPU
		Release|Any CPU = Release|Any CPU
	EndGlobalSection
	GlobalSection(ProjectConfigurationPlatforms) = postSolution
		{489D4B3A-5576-4EAC-AB01-D4796F55B2DB}.Debug|Any CPU.ActiveCfg = Debug|Any CPU
		{489D4B3A-5576-4EAC-AB01-D4796F55B2DB}.Debug|Any CPU.Build.0 = Debug|Any CPU
		{489D4B3A-5576-4EAC-AB01-D4796F55B2DB}.Release|Any CPU.ActiveCfg = Release|Any CPU
		{489D4B3A-5576-4EAC-AB01-D4796F55B2DB}.Release|Any CPU.Build.0 = Release|Any CPU
		{A5DB5C37-B11A-4E26-8C85-73F473AA432C}.Debug|Any CPU.ActiveCfg = Debug|Any CPU
		{A5DB5C37-B11A-4E26-8C85-73F473AA432C}.Debug|Any CPU.Build.0 = Debug|Any CPU
		{A5DB5C37-B11A-4E26-8C85-73F473AA432C}.Release|Any CPU.ActiveCfg = Release|Any CPU
		{A5DB5C37-B11A-4E26-8C85-73F473AA432C}.Release|Any CPU.Build.0 = Release|Any CPU
		{13998B30-D4C8-4A20-B8D5-093A23E88084}.Debug|Any CPU.ActiveCfg = Debug|Any CPU
		{13998B30-D4C8-4A20-B8D5-093A23E88084}.Debug|Any CPU.Build.0 = Debug|Any CPU
		{13998B30-D4C8-4A20-B8D5-093A23E88084}.Release|Any CPU.ActiveCfg = Release|Any CPU
		{13998B30-D4C8-4A20-B8D5-093A23E88084}.Release|Any CPU.Build.0 = Release|Any CPU
		{B58BC559-2A24-42ED-AFA2-62F69FE91AC1}.Debug|Any CPU.ActiveCfg = Debug|Any CPU
		{B58BC559-2A24-42ED-AFA2-62F69FE91AC1}.Debug|Any CPU.Build.0 = Debug|Any CPU
		{B58BC559-2A24-42ED-AFA2-62F69FE91AC1}.Release|Any CPU.ActiveCfg = Release|Any CPU
		{B58BC559-2A24-42ED-AFA2-62F69FE91AC1}.Release|Any CPU.Build.0 = Release|Any CPU
		{566DB09A-8DCF-41F5-87F8-D6DED59A5F74}.Debug|Any CPU.ActiveCfg = Debug|Any CPU
		{566DB09A-8DCF-41F5-87F8-D6DED59A5F74}.Debug|Any CPU.Build.0 = Debug|Any CPU
		{566DB09A-8DCF-41F5-87F8-D6DED59A5F74}.Release|Any CPU.ActiveCfg = Release|Any CPU
		{566DB09A-8DCF-41F5-87F8-D6DED59A5F74}.Release|Any CPU.Build.0 = Release|Any CPU
		{B4B4504E-A69F-4FF5-BD60-F8539F5C43DF}.Debug|Any CPU.ActiveCfg = Debug|Any CPU
		{B4B4504E-A69F-4FF5-BD60-F8539F5C43DF}.Debug|Any CPU.Build.0 = Debug|Any CPU
		{B4B4504E-A69F-4FF5-BD60-F8539F5C43DF}.Release|Any CPU.ActiveCfg = Release|Any CPU
		{B4B4504E-A69F-4FF5-BD60-F8539F5C43DF}.Release|Any CPU.Build.0 = Release|Any CPU
	EndGlobalSection
	GlobalSection(SolutionProperties) = preSolution
		HideSolutionNode = FALSE
	EndGlobalSection
EndGlobal
