
Microsoft Visual Studio Solution File, Format Version 12.00
# Visual Studio 14
VisualStudioVersion = 14.0.24720.0
MinimumVisualStudioVersion = 10.0.40219.1
Project("{FAE04EC0-301F-11D3-BF4B-00C04F79EFBC}") = "School", "School\School.csproj", "{E41F6FE8-27E4-493C-8DC4-297C09CEEF10}"
EndProject
Project("{FAE04EC0-301F-11D3-BF4B-00C04F79EFBC}") = "StudentsAndWorkers", "StudentsAndWorkers\StudentsAndWorkers.csproj", "{07271579-C51A-4A4E-BBD6-029FE0F28B6B}"
EndProject
Project("{FAE04EC0-301F-11D3-BF4B-00C04F79EFBC}") = "AnimalHerarchy", "AnimalHerarchy\AnimalHerarchy.csproj", "{5662790D-566E-42E1-80AF-853446F87C55}"
EndProject
Global
	GlobalSection(SolutionConfigurationPlatforms) = preSolution
		Debug|Any CPU = Debug|Any CPU
		Release|Any CPU = Release|Any CPU
	EndGlobalSection
	GlobalSection(ProjectConfigurationPlatforms) = postSolution
		{E41F6FE8-27E4-493C-8DC4-297C09CEEF10}.Debug|Any CPU.ActiveCfg = Debug|Any CPU
		{E41F6FE8-27E4-493C-8DC4-297C09CEEF10}.Debug|Any CPU.Build.0 = Debug|Any CPU
		{E41F6FE8-27E4-493C-8DC4-297C09CEEF10}.Release|Any CPU.ActiveCfg = Release|Any CPU
		{E41F6FE8-27E4-493C-8DC4-297C09CEEF10}.Release|Any CPU.Build.0 = Release|Any CPU
		{07271579-C51A-4A4E-BBD6-029FE0F28B6B}.Debug|Any CPU.ActiveCfg = Debug|Any CPU
		{07271579-C51A-4A4E-BBD6-029FE0F28B6B}.Debug|Any CPU.Build.0 = Debug|Any CPU
		{07271579-C51A-4A4E-BBD6-029FE0F28B6B}.Release|Any CPU.ActiveCfg = Release|Any CPU
		{07271579-C51A-4A4E-BBD6-029FE0F28B6B}.Release|Any CPU.Build.0 = Release|Any CPU
		{5662790D-566E-42E1-80AF-853446F87C55}.Debug|Any CPU.ActiveCfg = Debug|Any CPU
		{5662790D-566E-42E1-80AF-853446F87C55}.Debug|Any CPU.Build.0 = Debug|Any CPU
		{5662790D-566E-42E1-80AF-853446F87C55}.Release|Any CPU.ActiveCfg = Release|Any CPU
		{5662790D-566E-42E1-80AF-853446F87C55}.Release|Any CPU.Build.0 = Release|Any CPU
	EndGlobalSection
	GlobalSection(SolutionProperties) = preSolution
		HideSolutionNode = FALSE
	EndGlobalSection
EndGlobal
