
Microsoft Visual Studio Solution File, Format Version 12.00
# Visual Studio 14
VisualStudioVersion = 14.0.24720.0
MinimumVisualStudioVersion = 10.0.40219.1
Project("{FAE04EC0-301F-11D3-BF4B-00C04F79EFBC}") = "Student", "Student\Student.csproj", "{3BFE5E7C-2877-4FB7-BA51-3DA1564D3F39}"
EndProject
Project("{FAE04EC0-301F-11D3-BF4B-00C04F79EFBC}") = "Person", "Person\Person.csproj", "{B8586CDD-1374-40A1-86A8-026FF67E30DE}"
EndProject
Project("{FAE04EC0-301F-11D3-BF4B-00C04F79EFBC}") = "64BitArray", "64BitArray\64BitArray.csproj", "{F182D628-7B10-493A-97D8-4E6562939294}"
EndProject
Global
	GlobalSection(SolutionConfigurationPlatforms) = preSolution
		Debug|Any CPU = Debug|Any CPU
		Release|Any CPU = Release|Any CPU
	EndGlobalSection
	GlobalSection(ProjectConfigurationPlatforms) = postSolution
		{3BFE5E7C-2877-4FB7-BA51-3DA1564D3F39}.Debug|Any CPU.ActiveCfg = Debug|Any CPU
		{3BFE5E7C-2877-4FB7-BA51-3DA1564D3F39}.Debug|Any CPU.Build.0 = Debug|Any CPU
		{3BFE5E7C-2877-4FB7-BA51-3DA1564D3F39}.Release|Any CPU.ActiveCfg = Release|Any CPU
		{3BFE5E7C-2877-4FB7-BA51-3DA1564D3F39}.Release|Any CPU.Build.0 = Release|Any CPU
		{B8586CDD-1374-40A1-86A8-026FF67E30DE}.Debug|Any CPU.ActiveCfg = Debug|Any CPU
		{B8586CDD-1374-40A1-86A8-026FF67E30DE}.Debug|Any CPU.Build.0 = Debug|Any CPU
		{B8586CDD-1374-40A1-86A8-026FF67E30DE}.Release|Any CPU.ActiveCfg = Release|Any CPU
		{B8586CDD-1374-40A1-86A8-026FF67E30DE}.Release|Any CPU.Build.0 = Release|Any CPU
		{F182D628-7B10-493A-97D8-4E6562939294}.Debug|Any CPU.ActiveCfg = Debug|Any CPU
		{F182D628-7B10-493A-97D8-4E6562939294}.Debug|Any CPU.Build.0 = Debug|Any CPU
		{F182D628-7B10-493A-97D8-4E6562939294}.Release|Any CPU.ActiveCfg = Release|Any CPU
		{F182D628-7B10-493A-97D8-4E6562939294}.Release|Any CPU.Build.0 = Release|Any CPU
	EndGlobalSection
	GlobalSection(SolutionProperties) = preSolution
		HideSolutionNode = FALSE
	EndGlobalSection
EndGlobal
