
Microsoft Visual Studio Solution File, Format Version 12.00
# Visual Studio 14
VisualStudioVersion = 14.0.24720.0
MinimumVisualStudioVersion = 10.0.40219.1
Project("{FAE04EC0-301F-11D3-BF4B-00C04F79EFBC}") = "PrintMatrixVariantA", "PrintMatrixVariantA\PrintMatrixVariantA.csproj", "{812E2379-C33B-4A50-828C-52F809FE430F}"
EndProject
Project("{FAE04EC0-301F-11D3-BF4B-00C04F79EFBC}") = "Matrix", "Matrix\Matrix.csproj", "{129BAE5F-290F-4472-8665-2E3D790F98E5}"
EndProject
Project("{FAE04EC0-301F-11D3-BF4B-00C04F79EFBC}") = "PrintMatrixVariantB", "PrintMatrixVariantB\PrintMatrixVariantB.csproj", "{096105D0-433B-4124-B32A-BDF132D35E65}"
EndProject
Project("{FAE04EC0-301F-11D3-BF4B-00C04F79EFBC}") = "PrintMatrixVariantC", "PrintMatrixVariantC\PrintMatrixVariantC.csproj", "{DA04F031-5F9B-49BC-A2B6-C4AA2B9B64AC}"
EndProject
Project("{FAE04EC0-301F-11D3-BF4B-00C04F79EFBC}") = "PrintMatrixVariantD", "PrintMatrixVariantD\PrintMatrixVariantD.csproj", "{58E0E6EF-1CC4-4617-8487-9E9A4E9CE877}"
EndProject
Project("{FAE04EC0-301F-11D3-BF4B-00C04F79EFBC}") = "MaximalSum", "MaximalSum\MaximalSum.csproj", "{68384302-62B8-44E5-92F3-D04A7B7C5726}"
EndProject
Project("{FAE04EC0-301F-11D3-BF4B-00C04F79EFBC}") = "SequenceMatrix", "SequenceMatrix\SequenceMatrix.csproj", "{7D5D2EAF-CC6C-408E-B24D-0C3BA8377DC5}"
EndProject
Project("{FAE04EC0-301F-11D3-BF4B-00C04F79EFBC}") = "BinarySearch", "BinarySearch\BinarySearch.csproj", "{5E17113C-3B3D-4A1A-ACFB-99CF868AC572}"
EndProject
Project("{FAE04EC0-301F-11D3-BF4B-00C04F79EFBC}") = "SortByStringLength", "SortByStringLength\SortByStringLength.csproj", "{95DD1CB8-8B01-457F-B7F8-499B790B84D3}"
EndProject
Global
	GlobalSection(SolutionConfigurationPlatforms) = preSolution
		Debug|Any CPU = Debug|Any CPU
		Release|Any CPU = Release|Any CPU
	EndGlobalSection
	GlobalSection(ProjectConfigurationPlatforms) = postSolution
		{812E2379-C33B-4A50-828C-52F809FE430F}.Debug|Any CPU.ActiveCfg = Debug|Any CPU
		{812E2379-C33B-4A50-828C-52F809FE430F}.Debug|Any CPU.Build.0 = Debug|Any CPU
		{812E2379-C33B-4A50-828C-52F809FE430F}.Release|Any CPU.ActiveCfg = Release|Any CPU
		{812E2379-C33B-4A50-828C-52F809FE430F}.Release|Any CPU.Build.0 = Release|Any CPU
		{129BAE5F-290F-4472-8665-2E3D790F98E5}.Debug|Any CPU.ActiveCfg = Debug|Any CPU
		{129BAE5F-290F-4472-8665-2E3D790F98E5}.Debug|Any CPU.Build.0 = Debug|Any CPU
		{129BAE5F-290F-4472-8665-2E3D790F98E5}.Release|Any CPU.ActiveCfg = Release|Any CPU
		{129BAE5F-290F-4472-8665-2E3D790F98E5}.Release|Any CPU.Build.0 = Release|Any CPU
		{096105D0-433B-4124-B32A-BDF132D35E65}.Debug|Any CPU.ActiveCfg = Debug|Any CPU
		{096105D0-433B-4124-B32A-BDF132D35E65}.Debug|Any CPU.Build.0 = Debug|Any CPU
		{096105D0-433B-4124-B32A-BDF132D35E65}.Release|Any CPU.ActiveCfg = Release|Any CPU
		{096105D0-433B-4124-B32A-BDF132D35E65}.Release|Any CPU.Build.0 = Release|Any CPU
		{DA04F031-5F9B-49BC-A2B6-C4AA2B9B64AC}.Debug|Any CPU.ActiveCfg = Debug|Any CPU
		{DA04F031-5F9B-49BC-A2B6-C4AA2B9B64AC}.Debug|Any CPU.Build.0 = Debug|Any CPU
		{DA04F031-5F9B-49BC-A2B6-C4AA2B9B64AC}.Release|Any CPU.ActiveCfg = Release|Any CPU
		{DA04F031-5F9B-49BC-A2B6-C4AA2B9B64AC}.Release|Any CPU.Build.0 = Release|Any CPU
		{58E0E6EF-1CC4-4617-8487-9E9A4E9CE877}.Debug|Any CPU.ActiveCfg = Debug|Any CPU
		{58E0E6EF-1CC4-4617-8487-9E9A4E9CE877}.Debug|Any CPU.Build.0 = Debug|Any CPU
		{58E0E6EF-1CC4-4617-8487-9E9A4E9CE877}.Release|Any CPU.ActiveCfg = Release|Any CPU
		{58E0E6EF-1CC4-4617-8487-9E9A4E9CE877}.Release|Any CPU.Build.0 = Release|Any CPU
		{68384302-62B8-44E5-92F3-D04A7B7C5726}.Debug|Any CPU.ActiveCfg = Debug|Any CPU
		{68384302-62B8-44E5-92F3-D04A7B7C5726}.Debug|Any CPU.Build.0 = Debug|Any CPU
		{68384302-62B8-44E5-92F3-D04A7B7C5726}.Release|Any CPU.ActiveCfg = Release|Any CPU
		{68384302-62B8-44E5-92F3-D04A7B7C5726}.Release|Any CPU.Build.0 = Release|Any CPU
		{7D5D2EAF-CC6C-408E-B24D-0C3BA8377DC5}.Debug|Any CPU.ActiveCfg = Debug|Any CPU
		{7D5D2EAF-CC6C-408E-B24D-0C3BA8377DC5}.Debug|Any CPU.Build.0 = Debug|Any CPU
		{7D5D2EAF-CC6C-408E-B24D-0C3BA8377DC5}.Release|Any CPU.ActiveCfg = Release|Any CPU
		{7D5D2EAF-CC6C-408E-B24D-0C3BA8377DC5}.Release|Any CPU.Build.0 = Release|Any CPU
		{5E17113C-3B3D-4A1A-ACFB-99CF868AC572}.Debug|Any CPU.ActiveCfg = Debug|Any CPU
		{5E17113C-3B3D-4A1A-ACFB-99CF868AC572}.Debug|Any CPU.Build.0 = Debug|Any CPU
		{5E17113C-3B3D-4A1A-ACFB-99CF868AC572}.Release|Any CPU.ActiveCfg = Release|Any CPU
		{5E17113C-3B3D-4A1A-ACFB-99CF868AC572}.Release|Any CPU.Build.0 = Release|Any CPU
		{95DD1CB8-8B01-457F-B7F8-499B790B84D3}.Debug|Any CPU.ActiveCfg = Debug|Any CPU
		{95DD1CB8-8B01-457F-B7F8-499B790B84D3}.Debug|Any CPU.Build.0 = Debug|Any CPU
		{95DD1CB8-8B01-457F-B7F8-499B790B84D3}.Release|Any CPU.ActiveCfg = Release|Any CPU
		{95DD1CB8-8B01-457F-B7F8-499B790B84D3}.Release|Any CPU.Build.0 = Release|Any CPU
	EndGlobalSection
	GlobalSection(SolutionProperties) = preSolution
		HideSolutionNode = FALSE
	EndGlobalSection
EndGlobal
