
Microsoft Visual Studio Solution File, Format Version 12.00
# Visual Studio 14
VisualStudioVersion = 14.0.24720.0
MinimumVisualStudioVersion = 10.0.40219.1
Project("{FAE04EC0-301F-11D3-BF4B-00C04F79EFBC}") = "ReverseString", "ReverseString\ReverseString.csproj", "{188D4371-1096-4CA2-9402-1CB71037E8A9}"
EndProject
Project("{FAE04EC0-301F-11D3-BF4B-00C04F79EFBC}") = "CorrectBrackets", "CorrectBrackets\CorrectBrackets.csproj", "{F20A87A5-ECDD-4B20-8E05-F227004F130F}"
EndProject
Project("{FAE04EC0-301F-11D3-BF4B-00C04F79EFBC}") = "SubstringInText", "SubstringInText\SubstringInText.csproj", "{6391746B-1B64-4A8C-9A76-A34198FF3BA6}"
EndProject
Project("{FAE04EC0-301F-11D3-BF4B-00C04F79EFBC}") = "ParseTags", "ParseTags\ParseTags.csproj", "{52983A0A-358B-4099-A20C-658555C93C13}"
EndProject
Project("{FAE04EC0-301F-11D3-BF4B-00C04F79EFBC}") = "Nbsp", "Nbsp\Nbsp.csproj", "{D3717A8D-342E-401F-9BD0-C241A35F7F10}"
EndProject
Project("{FAE04EC0-301F-11D3-BF4B-00C04F79EFBC}") = "ExtractTextFromHTML", "ExtractTextFromHTML\ExtractTextFromHTML.csproj", "{C491104C-9F5B-4686-8607-D9D26DBC09F6}"
EndProject
Project("{FAE04EC0-301F-11D3-BF4B-00C04F79EFBC}") = "ParseUrl", "ParseUrl\ParseUrl.csproj", "{5F1A19A8-BF08-48E4-B3CF-083DA62DAD75}"
EndProject
Project("{FAE04EC0-301F-11D3-BF4B-00C04F79EFBC}") = "ExtractEmails", "ExtractEmails\ExtractEmails.csproj", "{4E6D6898-591D-400A-9993-B7AB60B89D83}"
EndProject
Project("{FAE04EC0-301F-11D3-BF4B-00C04F79EFBC}") = "ReplaceTags", "ReplaceTags\ReplaceTags.csproj", "{E39B9A21-6471-4E8B-8E7E-62DF5DBF7EEB}"
EndProject
Project("{FAE04EC0-301F-11D3-BF4B-00C04F79EFBC}") = "FindPalindromes", "FindPalindromes\FindPalindromes.csproj", "{CA035694-3E63-4C3D-9DAA-789BF62D4B15}"
EndProject
Project("{FAE04EC0-301F-11D3-BF4B-00C04F79EFBC}") = "StringFormat", "StringFormat\StringFormat.csproj", "{F62E98AF-B32E-43EE-81D3-E2A7A4EE5249}"
EndProject
Global
	GlobalSection(SolutionConfigurationPlatforms) = preSolution
		Debug|Any CPU = Debug|Any CPU
		Release|Any CPU = Release|Any CPU
	EndGlobalSection
	GlobalSection(ProjectConfigurationPlatforms) = postSolution
		{188D4371-1096-4CA2-9402-1CB71037E8A9}.Debug|Any CPU.ActiveCfg = Debug|Any CPU
		{188D4371-1096-4CA2-9402-1CB71037E8A9}.Debug|Any CPU.Build.0 = Debug|Any CPU
		{188D4371-1096-4CA2-9402-1CB71037E8A9}.Release|Any CPU.ActiveCfg = Release|Any CPU
		{188D4371-1096-4CA2-9402-1CB71037E8A9}.Release|Any CPU.Build.0 = Release|Any CPU
		{F20A87A5-ECDD-4B20-8E05-F227004F130F}.Debug|Any CPU.ActiveCfg = Debug|Any CPU
		{F20A87A5-ECDD-4B20-8E05-F227004F130F}.Debug|Any CPU.Build.0 = Debug|Any CPU
		{F20A87A5-ECDD-4B20-8E05-F227004F130F}.Release|Any CPU.ActiveCfg = Release|Any CPU
		{F20A87A5-ECDD-4B20-8E05-F227004F130F}.Release|Any CPU.Build.0 = Release|Any CPU
		{6391746B-1B64-4A8C-9A76-A34198FF3BA6}.Debug|Any CPU.ActiveCfg = Debug|Any CPU
		{6391746B-1B64-4A8C-9A76-A34198FF3BA6}.Debug|Any CPU.Build.0 = Debug|Any CPU
		{6391746B-1B64-4A8C-9A76-A34198FF3BA6}.Release|Any CPU.ActiveCfg = Release|Any CPU
		{6391746B-1B64-4A8C-9A76-A34198FF3BA6}.Release|Any CPU.Build.0 = Release|Any CPU
		{52983A0A-358B-4099-A20C-658555C93C13}.Debug|Any CPU.ActiveCfg = Debug|Any CPU
		{52983A0A-358B-4099-A20C-658555C93C13}.Debug|Any CPU.Build.0 = Debug|Any CPU
		{52983A0A-358B-4099-A20C-658555C93C13}.Release|Any CPU.ActiveCfg = Release|Any CPU
		{52983A0A-358B-4099-A20C-658555C93C13}.Release|Any CPU.Build.0 = Release|Any CPU
		{D3717A8D-342E-401F-9BD0-C241A35F7F10}.Debug|Any CPU.ActiveCfg = Debug|Any CPU
		{D3717A8D-342E-401F-9BD0-C241A35F7F10}.Debug|Any CPU.Build.0 = Debug|Any CPU
		{D3717A8D-342E-401F-9BD0-C241A35F7F10}.Release|Any CPU.ActiveCfg = Release|Any CPU
		{D3717A8D-342E-401F-9BD0-C241A35F7F10}.Release|Any CPU.Build.0 = Release|Any CPU
		{C491104C-9F5B-4686-8607-D9D26DBC09F6}.Debug|Any CPU.ActiveCfg = Debug|Any CPU
		{C491104C-9F5B-4686-8607-D9D26DBC09F6}.Debug|Any CPU.Build.0 = Debug|Any CPU
		{C491104C-9F5B-4686-8607-D9D26DBC09F6}.Release|Any CPU.ActiveCfg = Release|Any CPU
		{C491104C-9F5B-4686-8607-D9D26DBC09F6}.Release|Any CPU.Build.0 = Release|Any CPU
		{5F1A19A8-BF08-48E4-B3CF-083DA62DAD75}.Debug|Any CPU.ActiveCfg = Debug|Any CPU
		{5F1A19A8-BF08-48E4-B3CF-083DA62DAD75}.Debug|Any CPU.Build.0 = Debug|Any CPU
		{5F1A19A8-BF08-48E4-B3CF-083DA62DAD75}.Release|Any CPU.ActiveCfg = Release|Any CPU
		{5F1A19A8-BF08-48E4-B3CF-083DA62DAD75}.Release|Any CPU.Build.0 = Release|Any CPU
		{4E6D6898-591D-400A-9993-B7AB60B89D83}.Debug|Any CPU.ActiveCfg = Debug|Any CPU
		{4E6D6898-591D-400A-9993-B7AB60B89D83}.Debug|Any CPU.Build.0 = Debug|Any CPU
		{4E6D6898-591D-400A-9993-B7AB60B89D83}.Release|Any CPU.ActiveCfg = Release|Any CPU
		{4E6D6898-591D-400A-9993-B7AB60B89D83}.Release|Any CPU.Build.0 = Release|Any CPU
		{E39B9A21-6471-4E8B-8E7E-62DF5DBF7EEB}.Debug|Any CPU.ActiveCfg = Debug|Any CPU
		{E39B9A21-6471-4E8B-8E7E-62DF5DBF7EEB}.Debug|Any CPU.Build.0 = Debug|Any CPU
		{E39B9A21-6471-4E8B-8E7E-62DF5DBF7EEB}.Release|Any CPU.ActiveCfg = Release|Any CPU
		{E39B9A21-6471-4E8B-8E7E-62DF5DBF7EEB}.Release|Any CPU.Build.0 = Release|Any CPU
		{CA035694-3E63-4C3D-9DAA-789BF62D4B15}.Debug|Any CPU.ActiveCfg = Debug|Any CPU
		{CA035694-3E63-4C3D-9DAA-789BF62D4B15}.Debug|Any CPU.Build.0 = Debug|Any CPU
		{CA035694-3E63-4C3D-9DAA-789BF62D4B15}.Release|Any CPU.ActiveCfg = Release|Any CPU
		{CA035694-3E63-4C3D-9DAA-789BF62D4B15}.Release|Any CPU.Build.0 = Release|Any CPU
		{F62E98AF-B32E-43EE-81D3-E2A7A4EE5249}.Debug|Any CPU.ActiveCfg = Debug|Any CPU
		{F62E98AF-B32E-43EE-81D3-E2A7A4EE5249}.Debug|Any CPU.Build.0 = Debug|Any CPU
		{F62E98AF-B32E-43EE-81D3-E2A7A4EE5249}.Release|Any CPU.ActiveCfg = Release|Any CPU
		{F62E98AF-B32E-43EE-81D3-E2A7A4EE5249}.Release|Any CPU.Build.0 = Release|Any CPU
	EndGlobalSection
	GlobalSection(SolutionProperties) = preSolution
		HideSolutionNode = FALSE
	EndGlobalSection
EndGlobal
